
Microsoft Visual Studio Solution File, Format Version 12.00
# Visual Studio Version 16
VisualStudioVersion = 16.0.30204.135
MinimumVisualStudioVersion = 10.0.40219.1
Project("{FAE04EC0-301F-11D3-BF4B-00C04F79EFBC}") = "CEINV_DB", "CEINV_DB\CEINV_DB.csproj", "{64A6BA33-D96D-4826-A662-444FD7F119DB}"
EndProject
Project("{FAE04EC0-301F-11D3-BF4B-00C04F79EFBC}") = "CEINV_API", "CEINV_API\CEINV_API.csproj", "{980F85FD-EC44-4623-B4C8-AE00329EA532}"
EndProject
Global
	GlobalSection(SolutionConfigurationPlatforms) = preSolution
		Debug|Any CPU = Debug|Any CPU
		Debug|x86 = Debug|x86
		Release|Any CPU = Release|Any CPU
		Release|x86 = Release|x86
	EndGlobalSection
	GlobalSection(ProjectConfigurationPlatforms) = postSolution
		{64A6BA33-D96D-4826-A662-444FD7F119DB}.Debug|Any CPU.ActiveCfg = Debug|Any CPU
		{64A6BA33-D96D-4826-A662-444FD7F119DB}.Debug|Any CPU.Build.0 = Debug|Any CPU
		{64A6BA33-D96D-4826-A662-444FD7F119DB}.Debug|x86.ActiveCfg = Debug|Any CPU
		{64A6BA33-D96D-4826-A662-444FD7F119DB}.Debug|x86.Build.0 = Debug|Any CPU
		{64A6BA33-D96D-4826-A662-444FD7F119DB}.Release|Any CPU.ActiveCfg = Release|Any CPU
		{64A6BA33-D96D-4826-A662-444FD7F119DB}.Release|Any CPU.Build.0 = Release|Any CPU
		{64A6BA33-D96D-4826-A662-444FD7F119DB}.Release|x86.ActiveCfg = Release|Any CPU
		{64A6BA33-D96D-4826-A662-444FD7F119DB}.Release|x86.Build.0 = Release|Any CPU
		{980F85FD-EC44-4623-B4C8-AE00329EA532}.Debug|Any CPU.ActiveCfg = Debug|Any CPU
		{980F85FD-EC44-4623-B4C8-AE00329EA532}.Debug|Any CPU.Build.0 = Debug|Any CPU
		{980F85FD-EC44-4623-B4C8-AE00329EA532}.Debug|x86.ActiveCfg = Debug|Any CPU
		{980F85FD-EC44-4623-B4C8-AE00329EA532}.Debug|x86.Build.0 = Debug|Any CPU
		{980F85FD-EC44-4623-B4C8-AE00329EA532}.Release|Any CPU.ActiveCfg = Release|Any CPU
		{980F85FD-EC44-4623-B4C8-AE00329EA532}.Release|Any CPU.Build.0 = Release|Any CPU
		{980F85FD-EC44-4623-B4C8-AE00329EA532}.Release|x86.ActiveCfg = Release|Any CPU
		{980F85FD-EC44-4623-B4C8-AE00329EA532}.Release|x86.Build.0 = Release|Any CPU
	EndGlobalSection
	GlobalSection(SolutionProperties) = preSolution
		HideSolutionNode = FALSE
	EndGlobalSection
	GlobalSection(ExtensibilityGlobals) = postSolution
		SolutionGuid = {C0920E28-92E2-42C3-8FDD-2D5DD024657F}
	EndGlobalSection
EndGlobal
